
Microsoft Visual Studio Solution File, Format Version 12.00
# Visual Studio 15
VisualStudioVersion = 15.0.27004.2005
MinimumVisualStudioVersion = 10.0.40219.1
Project("{9A19103F-16F7-4668-BE54-9A1E7A4F7556}") = "EirinDuran.WebApi", "EirinDuran.WebApi\EirinDuran.WebApi.csproj", "{36B0875D-3BED-4717-87A5-FCF67B28E330}"
EndProject
Project("{9A19103F-16F7-4668-BE54-9A1E7A4F7556}") = "EirinDuran.DataAccess", "EirinDuran.DataAccess\EirinDuran.DataAccess.csproj", "{2D18E8EA-90DA-4DF9-BA9B-D4DBB411097C}"
EndProject
Project("{9A19103F-16F7-4668-BE54-9A1E7A4F7556}") = "EirinDuran.Domain", "EirinDuran.Domain\EirinDuran.Domain.csproj", "{22339D2C-816B-4CF8-9586-D0E1BCD9D79A}"
EndProject
Project("{9A19103F-16F7-4668-BE54-9A1E7A4F7556}") = "EirinDuran.Services", "EirinDuran.Services\EirinDuran.Services.csproj", "{36546A25-358E-4526-83FB-E2A7FF1BC6AE}"
EndProject
Project("{9A19103F-16F7-4668-BE54-9A1E7A4F7556}") = "EirinDuran.DomainTest", "EirinDuran.DomainTest\EirinDuran.DomainTest.csproj", "{C2B84AAE-122D-41F4-A9CC-4201C73738F0}"
EndProject
Project("{9A19103F-16F7-4668-BE54-9A1E7A4F7556}") = "EirinDuran.IDataAccess", "EirinDuran.IDataAccess\EirinDuran.IDataAccess.csproj", "{1E6716DF-12A8-47DC-A70F-BA067BAC98B9}"
EndProject
Project("{9A19103F-16F7-4668-BE54-9A1E7A4F7556}") = "EirinDuran.DataAccessTest", "EirinDuran.DataAccessTest\EirinDuran.DataAccessTest.csproj", "{61BF650C-C376-47D9-893B-B4F150359CC1}"
EndProject
Project("{9A19103F-16F7-4668-BE54-9A1E7A4F7556}") = "EirinDuran.WebApiTest", "EirinDuran.WebApiTest\EirinDuran.WebApiTest.csproj", "{DFB54BE9-CB34-4CA1-B33F-A27431B12391}"
EndProject
Project("{9A19103F-16F7-4668-BE54-9A1E7A4F7556}") = "EirinDuran.ServicesTest", "EirinDuran.ServicesTest\EirinDuran.ServicesTest.csproj", "{684BDC7E-9CDC-4192-9FCB-D2C54A76ED49}"
EndProject
Project("{9A19103F-16F7-4668-BE54-9A1E7A4F7556}") = "EirinDuran.IServices", "EirinDuran.IServices\EirinDuran.IServices.csproj", "{F935DC72-8986-40FB-A762-910484D2424B}"
EndProject
Project("{FAE04EC0-301F-11D3-BF4B-00C04F79EFBC}") = "EirinDuran.GenericEntityRepository", "EirinDuran.GenericEntityRepository\EirinDuran.GenericEntityRepository.csproj", "{FA16D123-88C7-4DFB-95EA-25D9FA4AFE9B}"
EndProject
Project("{2150E333-8FDC-42A3-9474-1A3956D46DE8}") = "Fixture Generators", "Fixture Generators", "{7AF6AA84-10D9-48CB-976A-62675C5EC977}"
EndProject
Project("{FAE04EC0-301F-11D3-BF4B-00C04F79EFBC}") = "EirinDuran.FixtureGenerators.AllOnce", "FixtureGenerators\EirinDuran.FixtureGenerators.AllOnce\EirinDuran.FixtureGenerators.AllOnce.csproj", "{664140D5-6022-462E-BE8A-14F108EFAD90}"
EndProject
Project("{FAE04EC0-301F-11D3-BF4B-00C04F79EFBC}") = "EirinDuran.FixtureGenerators.RoundRobin", "FixtureGenerators\EirinDuran.FixtureGenerators.RoundRobin\EirinDuran.FixtureGenerators.RoundRobin.csproj", "{0A880699-6843-4846-8FE5-B606DD168A3C}"
EndProject
Project("{FAE04EC0-301F-11D3-BF4B-00C04F79EFBC}") = "EirinDuran.AssemblyLoader", "EirinDuran.AssemblyLoader\EirinDuran.AssemblyLoader.csproj", "{6E4CD388-9B35-42C4-A945-F698EB0E4ED3}"
EndProject
Project("{2150E333-8FDC-42A3-9474-1A3956D46DE8}") = "Position Table Generators", "Position Table Generators", "{DFC1E64B-5DE5-465F-B5EC-EBDA7692F5AA}"
EndProject
Project("{FAE04EC0-301F-11D3-BF4B-00C04F79EFBC}") = "DefaultPositionTableGenerator", "DefaultPositionTableGenerator\DefaultPositionTableGenerator.csproj", "{1D2D2C49-5ADC-4189-ADAE-D9587D43DF99}"
EndProject
Project("{2150E333-8FDC-42A3-9474-1A3956D46DE8}") = "Domain", "Domain", "{5A7653A3-63D3-4357-931F-990077904015}"
EndProject
Project("{2150E333-8FDC-42A3-9474-1A3956D46DE8}") = "Aplication", "Aplication", "{62C646BA-2ACE-4A18-AB40-879111C8619A}"
EndProject
Project("{2150E333-8FDC-42A3-9474-1A3956D46DE8}") = "Infrastructure", "Infrastructure", "{F305BA7C-55BE-4172-B6B5-2EAD03FF8029}"
EndProject
Project("{FAE04EC0-301F-11D3-BF4B-00C04F79EFBC}") = "EirinDuran.Logger", "EirinDuran.Logger\EirinDuran.Logger.csproj", "{11E95EB2-FAC3-406D-AA2F-D4EE32E545E1}"
EndProject
Project("{2150E333-8FDC-42A3-9474-1A3956D46DE8}") = "Presentation", "Presentation", "{1604A879-748F-42B3-9989-CBBB7C75C26B}"
EndProject
Project("{2150E333-8FDC-42A3-9474-1A3956D46DE8}") = "Unit Testing", "Unit Testing", "{7C2BEB4F-A385-4750-A96E-47EA44A1DC35}"
EndProject
Global
	GlobalSection(SolutionConfigurationPlatforms) = preSolution
		Debug|Any CPU = Debug|Any CPU
		Release|Any CPU = Release|Any CPU
	EndGlobalSection
	GlobalSection(ProjectConfigurationPlatforms) = postSolution
		{36B0875D-3BED-4717-87A5-FCF67B28E330}.Debug|Any CPU.ActiveCfg = Debug|Any CPU
		{36B0875D-3BED-4717-87A5-FCF67B28E330}.Debug|Any CPU.Build.0 = Debug|Any CPU
		{36B0875D-3BED-4717-87A5-FCF67B28E330}.Release|Any CPU.ActiveCfg = Release|Any CPU
		{36B0875D-3BED-4717-87A5-FCF67B28E330}.Release|Any CPU.Build.0 = Release|Any CPU
		{2D18E8EA-90DA-4DF9-BA9B-D4DBB411097C}.Debug|Any CPU.ActiveCfg = Debug|Any CPU
		{2D18E8EA-90DA-4DF9-BA9B-D4DBB411097C}.Debug|Any CPU.Build.0 = Debug|Any CPU
		{2D18E8EA-90DA-4DF9-BA9B-D4DBB411097C}.Release|Any CPU.ActiveCfg = Release|Any CPU
		{2D18E8EA-90DA-4DF9-BA9B-D4DBB411097C}.Release|Any CPU.Build.0 = Release|Any CPU
		{22339D2C-816B-4CF8-9586-D0E1BCD9D79A}.Debug|Any CPU.ActiveCfg = Debug|Any CPU
		{22339D2C-816B-4CF8-9586-D0E1BCD9D79A}.Debug|Any CPU.Build.0 = Debug|Any CPU
		{22339D2C-816B-4CF8-9586-D0E1BCD9D79A}.Release|Any CPU.ActiveCfg = Release|Any CPU
		{22339D2C-816B-4CF8-9586-D0E1BCD9D79A}.Release|Any CPU.Build.0 = Release|Any CPU
		{36546A25-358E-4526-83FB-E2A7FF1BC6AE}.Debug|Any CPU.ActiveCfg = Debug|Any CPU
		{36546A25-358E-4526-83FB-E2A7FF1BC6AE}.Debug|Any CPU.Build.0 = Debug|Any CPU
		{36546A25-358E-4526-83FB-E2A7FF1BC6AE}.Release|Any CPU.ActiveCfg = Release|Any CPU
		{36546A25-358E-4526-83FB-E2A7FF1BC6AE}.Release|Any CPU.Build.0 = Release|Any CPU
		{C2B84AAE-122D-41F4-A9CC-4201C73738F0}.Debug|Any CPU.ActiveCfg = Debug|Any CPU
		{C2B84AAE-122D-41F4-A9CC-4201C73738F0}.Debug|Any CPU.Build.0 = Debug|Any CPU
		{C2B84AAE-122D-41F4-A9CC-4201C73738F0}.Release|Any CPU.ActiveCfg = Release|Any CPU
		{C2B84AAE-122D-41F4-A9CC-4201C73738F0}.Release|Any CPU.Build.0 = Release|Any CPU
		{1E6716DF-12A8-47DC-A70F-BA067BAC98B9}.Debug|Any CPU.ActiveCfg = Debug|Any CPU
		{1E6716DF-12A8-47DC-A70F-BA067BAC98B9}.Debug|Any CPU.Build.0 = Debug|Any CPU
		{1E6716DF-12A8-47DC-A70F-BA067BAC98B9}.Release|Any CPU.ActiveCfg = Release|Any CPU
		{1E6716DF-12A8-47DC-A70F-BA067BAC98B9}.Release|Any CPU.Build.0 = Release|Any CPU
		{61BF650C-C376-47D9-893B-B4F150359CC1}.Debug|Any CPU.ActiveCfg = Debug|Any CPU
		{61BF650C-C376-47D9-893B-B4F150359CC1}.Debug|Any CPU.Build.0 = Debug|Any CPU
		{61BF650C-C376-47D9-893B-B4F150359CC1}.Release|Any CPU.ActiveCfg = Release|Any CPU
		{61BF650C-C376-47D9-893B-B4F150359CC1}.Release|Any CPU.Build.0 = Release|Any CPU
		{DFB54BE9-CB34-4CA1-B33F-A27431B12391}.Debug|Any CPU.ActiveCfg = Debug|Any CPU
		{DFB54BE9-CB34-4CA1-B33F-A27431B12391}.Debug|Any CPU.Build.0 = Debug|Any CPU
		{DFB54BE9-CB34-4CA1-B33F-A27431B12391}.Release|Any CPU.ActiveCfg = Release|Any CPU
		{DFB54BE9-CB34-4CA1-B33F-A27431B12391}.Release|Any CPU.Build.0 = Release|Any CPU
		{684BDC7E-9CDC-4192-9FCB-D2C54A76ED49}.Debug|Any CPU.ActiveCfg = Debug|Any CPU
		{684BDC7E-9CDC-4192-9FCB-D2C54A76ED49}.Debug|Any CPU.Build.0 = Debug|Any CPU
		{684BDC7E-9CDC-4192-9FCB-D2C54A76ED49}.Release|Any CPU.ActiveCfg = Release|Any CPU
		{684BDC7E-9CDC-4192-9FCB-D2C54A76ED49}.Release|Any CPU.Build.0 = Release|Any CPU
		{F935DC72-8986-40FB-A762-910484D2424B}.Debug|Any CPU.ActiveCfg = Debug|Any CPU
		{F935DC72-8986-40FB-A762-910484D2424B}.Debug|Any CPU.Build.0 = Debug|Any CPU
		{F935DC72-8986-40FB-A762-910484D2424B}.Release|Any CPU.ActiveCfg = Release|Any CPU
		{F935DC72-8986-40FB-A762-910484D2424B}.Release|Any CPU.Build.0 = Release|Any CPU
		{FA16D123-88C7-4DFB-95EA-25D9FA4AFE9B}.Debug|Any CPU.ActiveCfg = Debug|Any CPU
		{FA16D123-88C7-4DFB-95EA-25D9FA4AFE9B}.Debug|Any CPU.Build.0 = Debug|Any CPU
		{FA16D123-88C7-4DFB-95EA-25D9FA4AFE9B}.Release|Any CPU.ActiveCfg = Release|Any CPU
		{FA16D123-88C7-4DFB-95EA-25D9FA4AFE9B}.Release|Any CPU.Build.0 = Release|Any CPU
		{664140D5-6022-462E-BE8A-14F108EFAD90}.Debug|Any CPU.ActiveCfg = Debug|Any CPU
		{664140D5-6022-462E-BE8A-14F108EFAD90}.Debug|Any CPU.Build.0 = Debug|Any CPU
		{664140D5-6022-462E-BE8A-14F108EFAD90}.Release|Any CPU.ActiveCfg = Release|Any CPU
		{664140D5-6022-462E-BE8A-14F108EFAD90}.Release|Any CPU.Build.0 = Release|Any CPU
		{0A880699-6843-4846-8FE5-B606DD168A3C}.Debug|Any CPU.ActiveCfg = Debug|Any CPU
		{0A880699-6843-4846-8FE5-B606DD168A3C}.Debug|Any CPU.Build.0 = Debug|Any CPU
		{0A880699-6843-4846-8FE5-B606DD168A3C}.Release|Any CPU.ActiveCfg = Release|Any CPU
		{0A880699-6843-4846-8FE5-B606DD168A3C}.Release|Any CPU.Build.0 = Release|Any CPU
		{6E4CD388-9B35-42C4-A945-F698EB0E4ED3}.Debug|Any CPU.ActiveCfg = Debug|Any CPU
		{6E4CD388-9B35-42C4-A945-F698EB0E4ED3}.Debug|Any CPU.Build.0 = Debug|Any CPU
		{6E4CD388-9B35-42C4-A945-F698EB0E4ED3}.Release|Any CPU.ActiveCfg = Release|Any CPU
		{6E4CD388-9B35-42C4-A945-F698EB0E4ED3}.Release|Any CPU.Build.0 = Release|Any CPU
		{1D2D2C49-5ADC-4189-ADAE-D9587D43DF99}.Debug|Any CPU.ActiveCfg = Debug|Any CPU
		{1D2D2C49-5ADC-4189-ADAE-D9587D43DF99}.Debug|Any CPU.Build.0 = Debug|Any CPU
		{1D2D2C49-5ADC-4189-ADAE-D9587D43DF99}.Release|Any CPU.ActiveCfg = Release|Any CPU
		{1D2D2C49-5ADC-4189-ADAE-D9587D43DF99}.Release|Any CPU.Build.0 = Release|Any CPU
		{11E95EB2-FAC3-406D-AA2F-D4EE32E545E1}.Debug|Any CPU.ActiveCfg = Debug|Any CPU
		{11E95EB2-FAC3-406D-AA2F-D4EE32E545E1}.Debug|Any CPU.Build.0 = Debug|Any CPU
		{11E95EB2-FAC3-406D-AA2F-D4EE32E545E1}.Release|Any CPU.ActiveCfg = Release|Any CPU
		{11E95EB2-FAC3-406D-AA2F-D4EE32E545E1}.Release|Any CPU.Build.0 = Release|Any CPU
	EndGlobalSection
	GlobalSection(SolutionProperties) = preSolution
		HideSolutionNode = FALSE
	EndGlobalSection
	GlobalSection(ExtensibilityGlobals) = postSolution
		SolutionGuid = {37222BF5-9362-478E-A569-3622481BFF7D}
	EndGlobalSection
	GlobalSection(NestedProjects) = preSolution
		{664140D5-6022-462E-BE8A-14F108EFAD90} = {7AF6AA84-10D9-48CB-976A-62675C5EC977}
		{0A880699-6843-4846-8FE5-B606DD168A3C} = {7AF6AA84-10D9-48CB-976A-62675C5EC977}
		{1D2D2C49-5ADC-4189-ADAE-D9587D43DF99} = {DFC1E64B-5DE5-465F-B5EC-EBDA7692F5AA}
		{22339D2C-816B-4CF8-9586-D0E1BCD9D79A} = {5A7653A3-63D3-4357-931F-990077904015}
		{7AF6AA84-10D9-48CB-976A-62675C5EC977} = {5A7653A3-63D3-4357-931F-990077904015}
		{DFC1E64B-5DE5-465F-B5EC-EBDA7692F5AA} = {5A7653A3-63D3-4357-931F-990077904015}
		{F935DC72-8986-40FB-A762-910484D2424B} = {62C646BA-2ACE-4A18-AB40-879111C8619A}
		{36546A25-358E-4526-83FB-E2A7FF1BC6AE} = {62C646BA-2ACE-4A18-AB40-879111C8619A}
		{1E6716DF-12A8-47DC-A70F-BA067BAC98B9} = {62C646BA-2ACE-4A18-AB40-879111C8619A}
		{6E4CD388-9B35-42C4-A945-F698EB0E4ED3} = {F305BA7C-55BE-4172-B6B5-2EAD03FF8029}
		{2D18E8EA-90DA-4DF9-BA9B-D4DBB411097C} = {F305BA7C-55BE-4172-B6B5-2EAD03FF8029}
		{11E95EB2-FAC3-406D-AA2F-D4EE32E545E1} = {F305BA7C-55BE-4172-B6B5-2EAD03FF8029}
		{36B0875D-3BED-4717-87A5-FCF67B28E330} = {1604A879-748F-42B3-9989-CBBB7C75C26B}
		{FA16D123-88C7-4DFB-95EA-25D9FA4AFE9B} = {F305BA7C-55BE-4172-B6B5-2EAD03FF8029}
		{61BF650C-C376-47D9-893B-B4F150359CC1} = {7C2BEB4F-A385-4750-A96E-47EA44A1DC35}
		{C2B84AAE-122D-41F4-A9CC-4201C73738F0} = {7C2BEB4F-A385-4750-A96E-47EA44A1DC35}
		{684BDC7E-9CDC-4192-9FCB-D2C54A76ED49} = {7C2BEB4F-A385-4750-A96E-47EA44A1DC35}
		{DFB54BE9-CB34-4CA1-B33F-A27431B12391} = {7C2BEB4F-A385-4750-A96E-47EA44A1DC35}
	EndGlobalSection
EndGlobal
