
Microsoft Visual Studio Solution File, Format Version 12.00
# Visual Studio 15
VisualStudioVersion = 15.0.26124.0
MinimumVisualStudioVersion = 15.0.26124.0
Project("{FAE04EC0-301F-11D3-BF4B-00C04F79EFBC}") = "EirinDuran.DataAccessTest", "EirinDuran.DataAccessTest\EirinDuran.DataAccessTest.csproj", "{4571A6A5-192A-4A7E-9B2C-92991FB79D9D}"
EndProject
Project("{FAE04EC0-301F-11D3-BF4B-00C04F79EFBC}") = "EirinDuran.DomainTest", "EirinDuran.DomainTest\EirinDuran.DomainTest.csproj", "{E5CF6454-A54A-4BB2-B715-133501F6D9F9}"
EndProject
Project("{FAE04EC0-301F-11D3-BF4B-00C04F79EFBC}") = "EirinDuran.ServicesTest", "EirinDuran.ServicesTest\EirinDuran.ServicesTest.csproj", "{426D7F58-D393-4467-A219-3FDA81B6F669}"
EndProject
Global
	GlobalSection(SolutionConfigurationPlatforms) = preSolution
		Debug|Any CPU = Debug|Any CPU
		Debug|x64 = Debug|x64
		Debug|x86 = Debug|x86
		Release|Any CPU = Release|Any CPU
		Release|x64 = Release|x64
		Release|x86 = Release|x86
	EndGlobalSection
	GlobalSection(SolutionProperties) = preSolution
		HideSolutionNode = FALSE
	EndGlobalSection
	GlobalSection(ProjectConfigurationPlatforms) = postSolution
		{4571A6A5-192A-4A7E-9B2C-92991FB79D9D}.Debug|Any CPU.ActiveCfg = Debug|Any CPU
		{4571A6A5-192A-4A7E-9B2C-92991FB79D9D}.Debug|Any CPU.Build.0 = Debug|Any CPU
		{4571A6A5-192A-4A7E-9B2C-92991FB79D9D}.Debug|x64.ActiveCfg = Debug|Any CPU
		{4571A6A5-192A-4A7E-9B2C-92991FB79D9D}.Debug|x64.Build.0 = Debug|Any CPU
		{4571A6A5-192A-4A7E-9B2C-92991FB79D9D}.Debug|x86.ActiveCfg = Debug|Any CPU
		{4571A6A5-192A-4A7E-9B2C-92991FB79D9D}.Debug|x86.Build.0 = Debug|Any CPU
		{4571A6A5-192A-4A7E-9B2C-92991FB79D9D}.Release|Any CPU.ActiveCfg = Release|Any CPU
		{4571A6A5-192A-4A7E-9B2C-92991FB79D9D}.Release|Any CPU.Build.0 = Release|Any CPU
		{4571A6A5-192A-4A7E-9B2C-92991FB79D9D}.Release|x64.ActiveCfg = Release|Any CPU
		{4571A6A5-192A-4A7E-9B2C-92991FB79D9D}.Release|x64.Build.0 = Release|Any CPU
		{4571A6A5-192A-4A7E-9B2C-92991FB79D9D}.Release|x86.ActiveCfg = Release|Any CPU
		{4571A6A5-192A-4A7E-9B2C-92991FB79D9D}.Release|x86.Build.0 = Release|Any CPU
		{E5CF6454-A54A-4BB2-B715-133501F6D9F9}.Debug|Any CPU.ActiveCfg = Debug|Any CPU
		{E5CF6454-A54A-4BB2-B715-133501F6D9F9}.Debug|Any CPU.Build.0 = Debug|Any CPU
		{E5CF6454-A54A-4BB2-B715-133501F6D9F9}.Debug|x64.ActiveCfg = Debug|Any CPU
		{E5CF6454-A54A-4BB2-B715-133501F6D9F9}.Debug|x64.Build.0 = Debug|Any CPU
		{E5CF6454-A54A-4BB2-B715-133501F6D9F9}.Debug|x86.ActiveCfg = Debug|Any CPU
		{E5CF6454-A54A-4BB2-B715-133501F6D9F9}.Debug|x86.Build.0 = Debug|Any CPU
		{E5CF6454-A54A-4BB2-B715-133501F6D9F9}.Release|Any CPU.ActiveCfg = Release|Any CPU
		{E5CF6454-A54A-4BB2-B715-133501F6D9F9}.Release|Any CPU.Build.0 = Release|Any CPU
		{E5CF6454-A54A-4BB2-B715-133501F6D9F9}.Release|x64.ActiveCfg = Release|Any CPU
		{E5CF6454-A54A-4BB2-B715-133501F6D9F9}.Release|x64.Build.0 = Release|Any CPU
		{E5CF6454-A54A-4BB2-B715-133501F6D9F9}.Release|x86.ActiveCfg = Release|Any CPU
		{E5CF6454-A54A-4BB2-B715-133501F6D9F9}.Release|x86.Build.0 = Release|Any CPU
		{426D7F58-D393-4467-A219-3FDA81B6F669}.Debug|Any CPU.ActiveCfg = Debug|Any CPU
		{426D7F58-D393-4467-A219-3FDA81B6F669}.Debug|Any CPU.Build.0 = Debug|Any CPU
		{426D7F58-D393-4467-A219-3FDA81B6F669}.Debug|x64.ActiveCfg = Debug|Any CPU
		{426D7F58-D393-4467-A219-3FDA81B6F669}.Debug|x64.Build.0 = Debug|Any CPU
		{426D7F58-D393-4467-A219-3FDA81B6F669}.Debug|x86.ActiveCfg = Debug|Any CPU
		{426D7F58-D393-4467-A219-3FDA81B6F669}.Debug|x86.Build.0 = Debug|Any CPU
		{426D7F58-D393-4467-A219-3FDA81B6F669}.Release|Any CPU.ActiveCfg = Release|Any CPU
		{426D7F58-D393-4467-A219-3FDA81B6F669}.Release|Any CPU.Build.0 = Release|Any CPU
		{426D7F58-D393-4467-A219-3FDA81B6F669}.Release|x64.ActiveCfg = Release|Any CPU
		{426D7F58-D393-4467-A219-3FDA81B6F669}.Release|x64.Build.0 = Release|Any CPU
		{426D7F58-D393-4467-A219-3FDA81B6F669}.Release|x86.ActiveCfg = Release|Any CPU
		{426D7F58-D393-4467-A219-3FDA81B6F669}.Release|x86.Build.0 = Release|Any CPU
	EndGlobalSection
EndGlobal
