
Microsoft Visual Studio Solution File, Format Version 12.00
# Visual Studio 15
VisualStudioVersion = 15.0.28010.2016
MinimumVisualStudioVersion = 10.0.40219.1
Project("{9A19103F-16F7-4668-BE54-9A1E7A4F7556}") = "EirinDuran.WebApi", "EirinDuran.WebApi\EirinDuran.WebApi.csproj", "{36B0875D-3BED-4717-87A5-FCF67B28E330}"
EndProject
Project("{9A19103F-16F7-4668-BE54-9A1E7A4F7556}") = "EirinDuran.DataAccess", "EirinDuran.DataAccess\EirinDuran.DataAccess.csproj", "{2D18E8EA-90DA-4DF9-BA9B-D4DBB411097C}"
EndProject
Project("{9A19103F-16F7-4668-BE54-9A1E7A4F7556}") = "EirinDuran.Domain", "EirinDuran.Domain\EirinDuran.Domain.csproj", "{22339D2C-816B-4CF8-9586-D0E1BCD9D79A}"
EndProject
Project("{9A19103F-16F7-4668-BE54-9A1E7A4F7556}") = "EirinDuran.Services", "EirinDuran.Services\EirinDuran.Services.csproj", "{36546A25-358E-4526-83FB-E2A7FF1BC6AE}"
EndProject
Project("{9A19103F-16F7-4668-BE54-9A1E7A4F7556}") = "EirinDuran.Test", "EirinDuran.Test\EirinDuran.Test.csproj", "{C2B84AAE-122D-41F4-A9CC-4201C73738F0}"
EndProject
Project("{FAE04EC0-301F-11D3-BF4B-00C04F79EFBC}") = "Entities", "Entities\Entities.csproj", "{36119659-F618-46C8-AD17-7EE6CF8A27B0}"
EndProject
Global
	GlobalSection(SolutionConfigurationPlatforms) = preSolution
		Debug|Any CPU = Debug|Any CPU
		Release|Any CPU = Release|Any CPU
	EndGlobalSection
	GlobalSection(ProjectConfigurationPlatforms) = postSolution
		{36B0875D-3BED-4717-87A5-FCF67B28E330}.Debug|Any CPU.ActiveCfg = Debug|Any CPU
		{36B0875D-3BED-4717-87A5-FCF67B28E330}.Debug|Any CPU.Build.0 = Debug|Any CPU
		{36B0875D-3BED-4717-87A5-FCF67B28E330}.Release|Any CPU.ActiveCfg = Release|Any CPU
		{36B0875D-3BED-4717-87A5-FCF67B28E330}.Release|Any CPU.Build.0 = Release|Any CPU
		{2D18E8EA-90DA-4DF9-BA9B-D4DBB411097C}.Debug|Any CPU.ActiveCfg = Debug|Any CPU
		{2D18E8EA-90DA-4DF9-BA9B-D4DBB411097C}.Debug|Any CPU.Build.0 = Debug|Any CPU
		{2D18E8EA-90DA-4DF9-BA9B-D4DBB411097C}.Release|Any CPU.ActiveCfg = Release|Any CPU
		{2D18E8EA-90DA-4DF9-BA9B-D4DBB411097C}.Release|Any CPU.Build.0 = Release|Any CPU
		{22339D2C-816B-4CF8-9586-D0E1BCD9D79A}.Debug|Any CPU.ActiveCfg = Debug|Any CPU
		{22339D2C-816B-4CF8-9586-D0E1BCD9D79A}.Debug|Any CPU.Build.0 = Debug|Any CPU
		{22339D2C-816B-4CF8-9586-D0E1BCD9D79A}.Release|Any CPU.ActiveCfg = Release|Any CPU
		{22339D2C-816B-4CF8-9586-D0E1BCD9D79A}.Release|Any CPU.Build.0 = Release|Any CPU
		{36546A25-358E-4526-83FB-E2A7FF1BC6AE}.Debug|Any CPU.ActiveCfg = Debug|Any CPU
		{36546A25-358E-4526-83FB-E2A7FF1BC6AE}.Debug|Any CPU.Build.0 = Debug|Any CPU
		{36546A25-358E-4526-83FB-E2A7FF1BC6AE}.Release|Any CPU.ActiveCfg = Release|Any CPU
		{36546A25-358E-4526-83FB-E2A7FF1BC6AE}.Release|Any CPU.Build.0 = Release|Any CPU
		{C2B84AAE-122D-41F4-A9CC-4201C73738F0}.Debug|Any CPU.ActiveCfg = Debug|Any CPU
		{C2B84AAE-122D-41F4-A9CC-4201C73738F0}.Debug|Any CPU.Build.0 = Debug|Any CPU
		{C2B84AAE-122D-41F4-A9CC-4201C73738F0}.Release|Any CPU.ActiveCfg = Release|Any CPU
		{C2B84AAE-122D-41F4-A9CC-4201C73738F0}.Release|Any CPU.Build.0 = Release|Any CPU
		{36119659-F618-46C8-AD17-7EE6CF8A27B0}.Debug|Any CPU.ActiveCfg = Debug|Any CPU
		{36119659-F618-46C8-AD17-7EE6CF8A27B0}.Debug|Any CPU.Build.0 = Debug|Any CPU
		{36119659-F618-46C8-AD17-7EE6CF8A27B0}.Release|Any CPU.ActiveCfg = Release|Any CPU
		{36119659-F618-46C8-AD17-7EE6CF8A27B0}.Release|Any CPU.Build.0 = Release|Any CPU
	EndGlobalSection
	GlobalSection(SolutionProperties) = preSolution
		HideSolutionNode = FALSE
	EndGlobalSection
	GlobalSection(ExtensibilityGlobals) = postSolution
		SolutionGuid = {37222BF5-9362-478E-A569-3622481BFF7D}
	EndGlobalSection
EndGlobal
